{
  "nodes": {
    "flake-compat": {
      "flake": false,
      "locked": {
        "lastModified": 1696426674,
        "narHash": "sha256-kvjfFW7WAETZlt09AgDn1MrtKzP7t90Vf7vypd3OL1U=",
        "owner": "edolstra",
        "repo": "flake-compat",
        "rev": "0f9255e01c2351cc7d116c072cb317785dd33b33",
        "type": "github"
      },
      "original": {
        "owner": "edolstra",
        "repo": "flake-compat",
        "type": "github"
      }
    },
    "flake-utils": {
      "inputs": {
        "systems": "systems"
      },
      "locked": {
        "lastModified": 1731533236,
        "narHash": "sha256-l0KFg5HjrsfsO/JpG+r7fRrqm12kzFHyUHqHCVpMMbI=",
        "owner": "numtide",
        "repo": "flake-utils",
        "rev": "11707dc2f618dd54ca8739b309ec4fc024de578b",
        "type": "github"
      },
      "original": {
        "owner": "numtide",
        "repo": "flake-utils",
        "type": "github"
      }
    },
    "nixpkgs": {
      "locked": {
        "lastModified": 1741379970,
        "narHash": "sha256-Wh7esNh7G24qYleLvgOSY/7HlDUzWaL/n4qzlBePpiw=",
        "owner": "NixOS",
        "repo": "nixpkgs",
        "rev": "36fd87baa9083f34f7f5027900b62ee6d09b1f2f",
        "type": "github"
      },
      "original": {
        "owner": "NixOS",
        "ref": "nixos-unstable",
        "repo": "nixpkgs",
        "type": "github"
      }
    },
    "root": {
      "inputs": {
        "flake-utils": "flake-utils",
        "nixpkgs": "nixpkgs",
        "treefmt": "treefmt",
        "wch-openocd": "wch-openocd",
        "zig": "zig",
        "zigscient-src": "zigscient-src"
      }
    },
    "systems": {
      "locked": {
        "lastModified": 1681028828,
        "narHash": "sha256-Vy1rq5AaRuLzOxct8nz4T6wlgyUR7zLU309k9mBC768=",
        "owner": "nix-systems",
        "repo": "default",
        "rev": "da67096a3b9bf56a91d16901293e51ba5b49a27e",
        "type": "github"
      },
      "original": {
        "owner": "nix-systems",
        "repo": "default",
        "type": "github"
      }
    },
    "treefmt": {
      "inputs": {
        "nixpkgs": [
          "nixpkgs"
        ]
      },
      "locked": {
        "lastModified": 1739829690,
        "narHash": "sha256-mL1szCeIsjh6Khn3nH2cYtwO5YXG6gBiTw1A30iGeDU=",
        "owner": "numtide",
        "repo": "treefmt-nix",
        "rev": "3d0579f5cc93436052d94b73925b48973a104204",
        "type": "github"
      },
      "original": {
        "owner": "numtide",
        "repo": "treefmt-nix",
        "type": "github"
      }
    },
    "wch-openocd": {
      "flake": false,
      "locked": {
        "lastModified": 1732695161,
        "narHash": "sha256-C06PZ/c8XrRc5qxoJRTN4VVcFRV2UJObwQB6l/W3SY8=",
        "owner": "cjacker",
        "repo": "wch-openocd",
        "rev": "2b6802dde74a9560bdfb6eeecb6aff8a13cf8139",
        "type": "github"
      },
      "original": {
        "owner": "cjacker",
        "repo": "wch-openocd",
        "type": "github"
      }
    },
    "zig": {
      "inputs": {
        "flake-compat": "flake-compat",
        "flake-utils": [
          "flake-utils"
        ],
        "nixpkgs": [
          "nixpkgs"
        ]
      },
      "locked": {
        "lastModified": 1741522135,
        "narHash": "sha256-28WtUALoateXrfh8z91F6Ub0Q8Ax58LUAZM2tS8pA7s=",
        "owner": "mitchellh",
        "repo": "zig-overlay",
        "rev": "ce940be092e6813531a90f1c537ec98d7cb4d471",
        "type": "github"
      },
      "original": {
        "owner": "mitchellh",
        "repo": "zig-overlay",
        "type": "github"
      }
    },
    "zigscient-src": {
      "flake": false,
      "locked": {
        "lastModified": 1741507617,
        "narHash": "sha256-hFDfns/xIARaD1uUWs7rhIecKpl0FB0d76UT6DMhyFU=",
        "owner": "llogick",
        "repo": "zigscient",
        "rev": "6d00b14348b96818cd7545a97a4b3938cefbb469",
        "type": "github"
      },
      "original": {
        "owner": "llogick",
        "ref": "0.14.x",
        "repo": "zigscient",
        "type": "github"
      }
    }
  },
  "root": "root",
  "version": 7
}
